// !$*UTF8*$!
{
	archiveVersion = 1;
	classes = {
	};
	objectVersion = 46;
	objects = {

/* Begin PBXBuildFile section */
		470E0102158A4B430098C89B /* mtlScrollPagesViewController.h in Headers */ = {isa = PBXBuildFile; fileRef = 470E0100158A4B430098C89B /* mtlScrollPagesViewController.h */; };
		470E0103158A4B430098C89B /* mtlScrollPagesViewController.m in Sources */ = {isa = PBXBuildFile; fileRef = 470E0101158A4B430098C89B /* mtlScrollPagesViewController.m */; };
		470E0107158A4B5C0098C89B /* mtlPageViewController.h in Headers */ = {isa = PBXBuildFile; fileRef = 470E0105158A4B5C0098C89B /* mtlPageViewController.h */; };
		470E0108158A4B5C0098C89B /* mtlPageViewController.m in Sources */ = {isa = PBXBuildFile; fileRef = 470E0106158A4B5C0098C89B /* mtlPageViewController.m */; };
		473E36C9151124BA001B0409 /* mtlScrollFormViewController.h in Headers */ = {isa = PBXBuildFile; fileRef = 473E36C7151124BA001B0409 /* mtlScrollFormViewController.h */; };
		473E36CA151124BA001B0409 /* mtlScrollFormViewController.m in Sources */ = {isa = PBXBuildFile; fileRef = 473E36C8151124BA001B0409 /* mtlScrollFormViewController.m */; };
		47B9819C1511172600F9DA1E /* Foundation.framework in Frameworks */ = {isa = PBXBuildFile; fileRef = 47B9819B1511172600F9DA1E /* Foundation.framework */; };
		47B981B3151117BF00F9DA1E /* mtliOSUtils-Prefix.pch in Headers */ = {isa = PBXBuildFile; fileRef = 47B981AF151117BF00F9DA1E /* mtliOSUtils-Prefix.pch */; };
		47B981B91511189600F9DA1E /* mtlStringValidation.h in Headers */ = {isa = PBXBuildFile; fileRef = 47B981B51511189600F9DA1E /* mtlStringValidation.h */; };
		47B981BA1511189600F9DA1E /* mtlStringValidation.m in Sources */ = {isa = PBXBuildFile; fileRef = 47B981B61511189600F9DA1E /* mtlStringValidation.m */; };
		47B9830415111B1600F9DA1E /* CoreGraphics.framework in Frameworks */ = {isa = PBXBuildFile; fileRef = 47B9830315111B1600F9DA1E /* CoreGraphics.framework */; };
		47FDFDA2158257700084F994 /* mtlViewManagement.h in Headers */ = {isa = PBXBuildFile; fileRef = 47FDFDA0158257700084F994 /* mtlViewManagement.h */; };
		47FDFDA3158257700084F994 /* mtlViewManagement.m in Sources */ = {isa = PBXBuildFile; fileRef = 47FDFDA1158257700084F994 /* mtlViewManagement.m */; };
		47FDFDAB158259230084F994 /* QuartzCore.framework in Frameworks */ = {isa = PBXBuildFile; fileRef = 47FDFDA8158259150084F994 /* QuartzCore.framework */; };
/* End PBXBuildFile section */

/* Begin PBXFileReference section */
		470E0100158A4B430098C89B /* mtlScrollPagesViewController.h */ = {isa = PBXFileReference; fileEncoding = 4; lastKnownFileType = sourcecode.c.h; path = mtlScrollPagesViewController.h; sourceTree = "<group>"; };
		470E0101158A4B430098C89B /* mtlScrollPagesViewController.m */ = {isa = PBXFileReference; fileEncoding = 4; lastKnownFileType = sourcecode.c.objc; path = mtlScrollPagesViewController.m; sourceTree = "<group>"; };
		470E0105158A4B5C0098C89B /* mtlPageViewController.h */ = {isa = PBXFileReference; fileEncoding = 4; lastKnownFileType = sourcecode.c.h; path = mtlPageViewController.h; sourceTree = "<group>"; };
		470E0106158A4B5C0098C89B /* mtlPageViewController.m */ = {isa = PBXFileReference; fileEncoding = 4; lastKnownFileType = sourcecode.c.objc; path = mtlPageViewController.m; sourceTree = "<group>"; };
		473E36C7151124BA001B0409 /* mtlScrollFormViewController.h */ = {isa = PBXFileReference; fileEncoding = 4; lastKnownFileType = sourcecode.c.h; path = mtlScrollFormViewController.h; sourceTree = "<group>"; };
		473E36C8151124BA001B0409 /* mtlScrollFormViewController.m */ = {isa = PBXFileReference; fileEncoding = 4; lastKnownFileType = sourcecode.c.objc; path = mtlScrollFormViewController.m; sourceTree = "<group>"; };
		47B981981511172600F9DA1E /* libmtlUtils.a */ = {isa = PBXFileReference; explicitFileType = archive.ar; includeInIndex = 0; path = libmtlUtils.a; sourceTree = BUILT_PRODUCTS_DIR; };
		47B9819B1511172600F9DA1E /* Foundation.framework */ = {isa = PBXFileReference; lastKnownFileType = wrapper.framework; name = Foundation.framework; path = System/Library/Frameworks/Foundation.framework; sourceTree = SDKROOT; };
		47B981AF151117BF00F9DA1E /* mtliOSUtils-Prefix.pch */ = {isa = PBXFileReference; fileEncoding = 4; lastKnownFileType = sourcecode.c.h; path = "mtliOSUtils-Prefix.pch"; sourceTree = "<group>"; };
		47B981B51511189600F9DA1E /* mtlStringValidation.h */ = {isa = PBXFileReference; fileEncoding = 4; lastKnownFileType = sourcecode.c.h; path = mtlStringValidation.h; sourceTree = "<group>"; };
		47B981B61511189600F9DA1E /* mtlStringValidation.m */ = {isa = PBXFileReference; fileEncoding = 4; lastKnownFileType = sourcecode.c.objc; path = mtlStringValidation.m; sourceTree = "<group>"; };
		47B9830315111B1600F9DA1E /* CoreGraphics.framework */ = {isa = PBXFileReference; lastKnownFileType = wrapper.framework; name = CoreGraphics.framework; path = System/Library/Frameworks/CoreGraphics.framework; sourceTree = SDKROOT; };
		47FDFDA0158257700084F994 /* mtlViewManagement.h */ = {isa = PBXFileReference; fileEncoding = 4; lastKnownFileType = sourcecode.c.h; path = mtlViewManagement.h; sourceTree = "<group>"; };
		47FDFDA1158257700084F994 /* mtlViewManagement.m */ = {isa = PBXFileReference; fileEncoding = 4; lastKnownFileType = sourcecode.c.objc; path = mtlViewManagement.m; sourceTree = "<group>"; };
		47FDFDA8158259150084F994 /* QuartzCore.framework */ = {isa = PBXFileReference; lastKnownFileType = wrapper.framework; name = QuartzCore.framework; path = System/Library/Frameworks/QuartzCore.framework; sourceTree = SDKROOT; };
/* End PBXFileReference section */

/* Begin PBXFrameworksBuildPhase section */
		47B981951511172600F9DA1E /* Frameworks */ = {
			isa = PBXFrameworksBuildPhase;
			buildActionMask = 2147483647;
			files = (
				47B9830415111B1600F9DA1E /* CoreGraphics.framework in Frameworks */,
				47B9819C1511172600F9DA1E /* Foundation.framework in Frameworks */,
				47FDFDAB158259230084F994 /* QuartzCore.framework in Frameworks */,
			);
			runOnlyForDeploymentPostprocessing = 0;
		};
/* End PBXFrameworksBuildPhase section */

/* Begin PBXGroup section */
		47B9818D1511172600F9DA1E = {
			isa = PBXGroup;
			children = (
				47B981AB151117BF00F9DA1E /* Classes */,
				47B981AE151117BF00F9DA1E /* Other Sources */,
				47B981B0151117BF00F9DA1E /* Vendor */,
				47B9819A1511172600F9DA1E /* Frameworks */,
				47B981991511172600F9DA1E /* Products */,
			);
			sourceTree = "<group>";
		};
		47B981991511172600F9DA1E /* Products */ = {
			isa = PBXGroup;
			children = (
				47B981981511172600F9DA1E /* libmtlUtils.a */,
			);
			name = Products;
			sourceTree = "<group>";
		};
		47B9819A1511172600F9DA1E /* Frameworks */ = {
			isa = PBXGroup;
			children = (
				47B9830315111B1600F9DA1E /* CoreGraphics.framework */,
				47B9819B1511172600F9DA1E /* Foundation.framework */,
				47FDFDA8158259150084F994 /* QuartzCore.framework */,
			);
			name = Frameworks;
			sourceTree = "<group>";
		};
		47B981AB151117BF00F9DA1E /* Classes */ = {
			isa = PBXGroup;
			children = (
				473E36C7151124BA001B0409 /* mtlScrollFormViewController.h */,
				473E36C8151124BA001B0409 /* mtlScrollFormViewController.m */,
				47B981B51511189600F9DA1E /* mtlStringValidation.h */,
				47B981B61511189600F9DA1E /* mtlStringValidation.m */,
				47FDFDA0158257700084F994 /* mtlViewManagement.h */,
				47FDFDA1158257700084F994 /* mtlViewManagement.m */,
				470E0100158A4B430098C89B /* mtlScrollPagesViewController.h */,
				470E0101158A4B430098C89B /* mtlScrollPagesViewController.m */,
				470E0105158A4B5C0098C89B /* mtlPageViewController.h */,
				470E0106158A4B5C0098C89B /* mtlPageViewController.m */,
			);
			path = Classes;
			sourceTree = "<group>";
		};
		47B981AE151117BF00F9DA1E /* Other Sources */ = {
			isa = PBXGroup;
			children = (
				47B981AF151117BF00F9DA1E /* mtliOSUtils-Prefix.pch */,
			);
			path = "Other Sources";
			sourceTree = "<group>";
		};
		47B981B0151117BF00F9DA1E /* Vendor */ = {
			isa = PBXGroup;
			children = (
			);
			path = Vendor;
			sourceTree = "<group>";
		};
/* End PBXGroup section */

/* Begin PBXHeadersBuildPhase section */
		47B981961511172600F9DA1E /* Headers */ = {
			isa = PBXHeadersBuildPhase;
			buildActionMask = 2147483647;
			files = (
				47B981B3151117BF00F9DA1E /* mtliOSUtils-Prefix.pch in Headers */,
				47B981B91511189600F9DA1E /* mtlStringValidation.h in Headers */,
				473E36C9151124BA001B0409 /* mtlScrollFormViewController.h in Headers */,
				47FDFDA2158257700084F994 /* mtlViewManagement.h in Headers */,
				470E0102158A4B430098C89B /* mtlScrollPagesViewController.h in Headers */,
				470E0107158A4B5C0098C89B /* mtlPageViewController.h in Headers */,
			);
			runOnlyForDeploymentPostprocessing = 0;
		};
/* End PBXHeadersBuildPhase section */

/* Begin PBXNativeTarget section */
		47B981971511172600F9DA1E /* mtlUtils */ = {
			isa = PBXNativeTarget;
			buildConfigurationList = 47B981A51511172600F9DA1E /* Build configuration list for PBXNativeTarget "mtlUtils" */;
			buildPhases = (
				47B981941511172600F9DA1E /* Sources */,
				47B981951511172600F9DA1E /* Frameworks */,
				47B981961511172600F9DA1E /* Headers */,
			);
			buildRules = (
			);
			dependencies = (
			);
			name = mtlUtils;
			productName = "mtl-ios-utils";
			productReference = 47B981981511172600F9DA1E /* libmtlUtils.a */;
			productType = "com.apple.product-type.library.static";
		};
/* End PBXNativeTarget section */

/* Begin PBXProject section */
		47B9818F1511172600F9DA1E /* Project object */ = {
			isa = PBXProject;
			attributes = {
				LastUpgradeCheck = 0430;
				ORGANIZATIONNAME = Departement;
			};
			buildConfigurationList = 47B981921511172600F9DA1E /* Build configuration list for PBXProject "mtliOSUtils" */;
			compatibilityVersion = "Xcode 3.2";
			developmentRegion = English;
			hasScannedForEncodings = 0;
			knownRegions = (
				en,
				English,
			);
			mainGroup = 47B9818D1511172600F9DA1E;
			productRefGroup = 47B981991511172600F9DA1E /* Products */;
			projectDirPath = "";
			projectRoot = "";
			targets = (
				47B981971511172600F9DA1E /* mtlUtils */,
			);
		};
/* End PBXProject section */

/* Begin PBXSourcesBuildPhase section */
		47B981941511172600F9DA1E /* Sources */ = {
			isa = PBXSourcesBuildPhase;
			buildActionMask = 2147483647;
			files = (
				47B981BA1511189600F9DA1E /* mtlStringValidation.m in Sources */,
				473E36CA151124BA001B0409 /* mtlScrollFormViewController.m in Sources */,
				47FDFDA3158257700084F994 /* mtlViewManagement.m in Sources */,
				470E0103158A4B430098C89B /* mtlScrollPagesViewController.m in Sources */,
				470E0108158A4B5C0098C89B /* mtlPageViewController.m in Sources */,
			);
			runOnlyForDeploymentPostprocessing = 0;
		};
/* End PBXSourcesBuildPhase section */

/* Begin XCBuildConfiguration section */
		47B981A31511172600F9DA1E /* Debug */ = {
			isa = XCBuildConfiguration;
			buildSettings = {
				ALWAYS_SEARCH_USER_PATHS = NO;
				ARCHS = "$(ARCHS_STANDARD_32_BIT)";
				CLANG_ENABLE_OBJC_ARC = YES;
				COPY_PHASE_STRIP = NO;
				GCC_C_LANGUAGE_STANDARD = gnu99;
				GCC_DYNAMIC_NO_PIC = NO;
				GCC_OPTIMIZATION_LEVEL = 0;
				GCC_PREPROCESSOR_DEFINITIONS = (
					"DEBUG=1",
					"$(inherited)",
				);
				GCC_SYMBOLS_PRIVATE_EXTERN = NO;
				GCC_VERSION = com.apple.compilers.llvm.clang.1_0;
				GCC_WARN_ABOUT_RETURN_TYPE = YES;
				GCC_WARN_UNINITIALIZED_AUTOS = YES;
				GCC_WARN_UNUSED_VARIABLE = YES;
				IPHONEOS_DEPLOYMENT_TARGET = 5.1;
				SDKROOT = iphoneos;
			};
			name = Debug;
		};
		47B981A41511172600F9DA1E /* Release */ = {
			isa = XCBuildConfiguration;
			buildSettings = {
				ALWAYS_SEARCH_USER_PATHS = NO;
				ARCHS = "$(ARCHS_STANDARD_32_BIT)";
				CLANG_ENABLE_OBJC_ARC = YES;
				COPY_PHASE_STRIP = YES;
				GCC_C_LANGUAGE_STANDARD = gnu99;
				GCC_VERSION = com.apple.compilers.llvm.clang.1_0;
				GCC_WARN_ABOUT_RETURN_TYPE = YES;
				GCC_WARN_UNINITIALIZED_AUTOS = YES;
				GCC_WARN_UNUSED_VARIABLE = YES;
				IPHONEOS_DEPLOYMENT_TARGET = 5.1;
				SDKROOT = iphoneos;
				VALIDATE_PRODUCT = YES;
			};
			name = Release;
		};
		47B981A61511172600F9DA1E /* Debug */ = {
			isa = XCBuildConfiguration;
			buildSettings = {
				DSTROOT = /tmp/mtl_ios_utils.dst;
				GCC_PRECOMPILE_PREFIX_HEADER = YES;
				GCC_PREFIX_HEADER = "Other Sources/mtliOSUtils-Prefix.pch";
				HEADER_SEARCH_PATHS = "Vendor/CWFoundation/**";
				IPHONEOS_DEPLOYMENT_TARGET = 4.3;
				OTHER_LDFLAGS = (
					"-ObjC",
					"-all_load",
				);
				PRODUCT_NAME = "$(TARGET_NAME)";
				SKIP_INSTALL = YES;
			};
			name = Debug;
		};
		47B981A71511172600F9DA1E /* Release */ = {
			isa = XCBuildConfiguration;
			buildSettings = {
				DSTROOT = /tmp/mtl_ios_utils.dst;
				GCC_PRECOMPILE_PREFIX_HEADER = YES;
				GCC_PREFIX_HEADER = "Other Sources/mtliOSUtils-Prefix.pch";
				HEADER_SEARCH_PATHS = "Vendor/CWFoundation/**";
				IPHONEOS_DEPLOYMENT_TARGET = 4.3;
				OTHER_LDFLAGS = (
					"-ObjC",
					"-all_load",
				);
				PRODUCT_NAME = "$(TARGET_NAME)";
				SKIP_INSTALL = YES;
			};
			name = Release;
		};
/* End XCBuildConfiguration section */

/* Begin XCConfigurationList section */
		47B981921511172600F9DA1E /* Build configuration list for PBXProject "mtliOSUtils" */ = {
			isa = XCConfigurationList;
			buildConfigurations = (
				47B981A31511172600F9DA1E /* Debug */,
				47B981A41511172600F9DA1E /* Release */,
			);
			defaultConfigurationIsVisible = 0;
			defaultConfigurationName = Release;
		};
		47B981A51511172600F9DA1E /* Build configuration list for PBXNativeTarget "mtlUtils" */ = {
			isa = XCConfigurationList;
			buildConfigurations = (
				47B981A61511172600F9DA1E /* Debug */,
				47B981A71511172600F9DA1E /* Release */,
			);
			defaultConfigurationIsVisible = 0;
			defaultConfigurationName = Release;
		};
/* End XCConfigurationList section */
	};
	rootObject = 47B9818F1511172600F9DA1E /* Project object */;
}
